id: K20260427-002-high-temp-downclock
statement: When chip temperature exceeds 85 C, target device X severely downclocks.
category: runtime_behavior
fact_type: conditional
sources:
  - type: test_result
    ref: thermal-test-report:2026-04-27
    collected_by: verification-agent
    collected_at: 2026-04-27T00:20:00Z
    evidence_level: primary
    sensitive: false
    public_summary: Thermal test observed severe downclocking above 85 C.
applicability:
  scope:
    project_scope: demo-project
    module_scope: runtime
    environment_scope: target-deployment
    hardware_scope: target-device-X
    customer_scope: null
  version_context:
    commit: null
    branch: main
    release: null
    OS: Ubuntu 22.04
    hardware_revision: revA
    dependency_versions: {}
  conditions:
    - variable: chip_temperature_celsius
      operator: '>'
      value: 85
      unit: C
      observability: direct_measurement
status: active
confidence: high
admission:
  admission_state: verified_fact
  approved_by: master-main
  approved_at: 2026-04-27T00:25:00Z
lifecycle:
  created_at: 2026-04-27T00:20:00Z
  created_by: master-main
  updated_at: 2026-04-27T00:25:00Z
freshness:
  freshness_status: fresh
  last_verified_at: 2026-04-27T00:20:00Z
  expires_at: null
  revalidate_on:
    - hardware_change
    - thermal_policy_change
supersedes: []
superseded_by: []
invalidation: null
conflict_refs: []
related_archive_refs: []
related_causal_refs: []
notes:
  - This entry is a conditional objective fact, not a strategy recommendation.
